
Microsoft Visual Studio Solution File, Format Version 12.00
# Visual Studio Version 17
VisualStudioVersion = 17.2.32616.157
MinimumVisualStudioVersion = 10.0.40219.1
Project("{FAE04EC0-301F-11D3-BF4B-00C04F79EFBC}") = "ServiceBReceiver", "ServiceBReceiver\ServiceBReceiver.csproj", "{3493BC9D-20CD-40DE-AEB5-6651065BA813}"
EndProject
Global
	GlobalSection(SolutionConfigurationPlatforms) = preSolution
		Debug|Any CPU = Debug|Any CPU
		Release|Any CPU = Release|Any CPU
	EndGlobalSection
	GlobalSection(ProjectConfigurationPlatforms) = postSolution
		{3493BC9D-20CD-40DE-AEB5-6651065BA813}.Debug|Any CPU.ActiveCfg = Debug|Any CPU
		{3493BC9D-20CD-40DE-AEB5-6651065BA813}.Debug|Any CPU.Build.0 = Debug|Any CPU
		{3493BC9D-20CD-40DE-AEB5-6651065BA813}.Release|Any CPU.ActiveCfg = Release|Any CPU
		{3493BC9D-20CD-40DE-AEB5-6651065BA813}.Release|Any CPU.Build.0 = Release|Any CPU
	EndGlobalSection
	GlobalSection(SolutionProperties) = preSolution
		HideSolutionNode = FALSE
	EndGlobalSection
	GlobalSection(ExtensibilityGlobals) = postSolution
		SolutionGuid = {2071CA96-C72A-494C-B460-EA349087C325}
	EndGlobalSection
EndGlobal
